// !$*UTF8*$!
{
	archiveVersion = 1;
	classes = {
	};
	objectVersion = 50;
	objects = {

/* Begin PBXBuildFile section */
		4C0009C5235AC3FB004437B1 /* BMI.swift in Sources */ = {isa = PBXBuildFile; fileRef = 4C0009C4235AC3FB004437B1 /* BMI.swift */; };
		4C0009C8235AC4ED004437B1 /* TestUIProgramatically.swift in Sources */ = {isa = PBXBuildFile; fileRef = 4C0009C7235AC4ED004437B1 /* TestUIProgramatically.swift */; };
		4C087748235AB5A0009D3344 /* AppDelegate.swift in Sources */ = {isa = PBXBuildFile; fileRef = 4C087747235AB5A0009D3344 /* AppDelegate.swift */; };
		4C08774A235AB5A0009D3344 /* SceneDelegate.swift in Sources */ = {isa = PBXBuildFile; fileRef = 4C087749235AB5A0009D3344 /* SceneDelegate.swift */; };
		4C08774C235AB5A0009D3344 /* CalculateViewController.swift in Sources */ = {isa = PBXBuildFile; fileRef = 4C08774B235AB5A0009D3344 /* CalculateViewController.swift */; };
		4C08774F235AB5A0009D3344 /* Main.storyboard in Resources */ = {isa = PBXBuildFile; fileRef = 4C08774D235AB5A0009D3344 /* Main.storyboard */; };
		4C087751235AB5A3009D3344 /* Assets.xcassets in Resources */ = {isa = PBXBuildFile; fileRef = 4C087750235AB5A3009D3344 /* Assets.xcassets */; };
		4C087754235AB5A3009D3344 /* LaunchScreen.storyboard in Resources */ = {isa = PBXBuildFile; fileRef = 4C087752235AB5A3009D3344 /* LaunchScreen.storyboard */; };
		4C40D1B4235AD81300A0074D /* ResultViewController.swift in Sources */ = {isa = PBXBuildFile; fileRef = 4C40D1B3235AD81300A0074D /* ResultViewController.swift */; };
		4C40D1B6235ADFE300A0074D /* CreditViewController.swift in Sources */ = {isa = PBXBuildFile; fileRef = 4C40D1B5235ADFE300A0074D /* CreditViewController.swift */; };
		4C40D1B8235AE48100A0074D /* CalculateBrain.swift in Sources */ = {isa = PBXBuildFile; fileRef = 4C40D1B7235AE48100A0074D /* CalculateBrain.swift */; };
/* End PBXBuildFile section */

/* Begin PBXFileReference section */
		4C0009C4235AC3FB004437B1 /* BMI.swift */ = {isa = PBXFileReference; lastKnownFileType = sourcecode.swift; path = BMI.swift; sourceTree = "<group>"; };
		4C0009C7235AC4ED004437B1 /* TestUIProgramatically.swift */ = {isa = PBXFileReference; lastKnownFileType = sourcecode.swift; path = TestUIProgramatically.swift; sourceTree = "<group>"; };
		4C087744235AB5A0009D3344 /* BMI by ABC.app */ = {isa = PBXFileReference; explicitFileType = wrapper.application; includeInIndex = 0; path = "BMI by ABC.app"; sourceTree = BUILT_PRODUCTS_DIR; };
		4C087747235AB5A0009D3344 /* AppDelegate.swift */ = {isa = PBXFileReference; lastKnownFileType = sourcecode.swift; path = AppDelegate.swift; sourceTree = "<group>"; };
		4C087749235AB5A0009D3344 /* SceneDelegate.swift */ = {isa = PBXFileReference; lastKnownFileType = sourcecode.swift; path = SceneDelegate.swift; sourceTree = "<group>"; };
		4C08774B235AB5A0009D3344 /* CalculateViewController.swift */ = {isa = PBXFileReference; lastKnownFileType = sourcecode.swift; path = CalculateViewController.swift; sourceTree = "<group>"; };
		4C08774E235AB5A0009D3344 /* Base */ = {isa = PBXFileReference; lastKnownFileType = file.storyboard; name = Base; path = Base.lproj/Main.storyboard; sourceTree = "<group>"; };
		4C087750235AB5A3009D3344 /* Assets.xcassets */ = {isa = PBXFileReference; lastKnownFileType = folder.assetcatalog; path = Assets.xcassets; sourceTree = "<group>"; };
		4C087753235AB5A3009D3344 /* Base */ = {isa = PBXFileReference; lastKnownFileType = file.storyboard; name = Base; path = Base.lproj/LaunchScreen.storyboard; sourceTree = "<group>"; };
		4C087755235AB5A3009D3344 /* Info.plist */ = {isa = PBXFileReference; lastKnownFileType = text.plist.xml; path = Info.plist; sourceTree = "<group>"; };
		4C40D1B3235AD81300A0074D /* ResultViewController.swift */ = {isa = PBXFileReference; lastKnownFileType = sourcecode.swift; path = ResultViewController.swift; sourceTree = "<group>"; };
		4C40D1B5235ADFE300A0074D /* CreditViewController.swift */ = {isa = PBXFileReference; lastKnownFileType = sourcecode.swift; path = CreditViewController.swift; sourceTree = "<group>"; };
		4C40D1B7235AE48100A0074D /* CalculateBrain.swift */ = {isa = PBXFileReference; lastKnownFileType = sourcecode.swift; path = CalculateBrain.swift; sourceTree = "<group>"; };
/* End PBXFileReference section */

/* Begin PBXFrameworksBuildPhase section */
		4C087741235AB5A0009D3344 /* Frameworks */ = {
			isa = PBXFrameworksBuildPhase;
			buildActionMask = 2147483647;
			files = (
			);
			runOnlyForDeploymentPostprocessing = 0;
		};
/* End PBXFrameworksBuildPhase section */

/* Begin PBXGroup section */
		4C0009C6235AC404004437B1 /* Model */ = {
			isa = PBXGroup;
			children = (
				4C0009C4235AC3FB004437B1 /* BMI.swift */,
				4C40D1B7235AE48100A0074D /* CalculateBrain.swift */,
			);
			path = Model;
			sourceTree = "<group>";
		};
		4C08773B235AB59F009D3344 = {
			isa = PBXGroup;
			children = (
				4C087746235AB5A0009D3344 /* ios 13xxxxxx week10 project2 */,
				4C087745235AB5A0009D3344 /* Products */,
			);
			sourceTree = "<group>";
		};
		4C087745235AB5A0009D3344 /* Products */ = {
			isa = PBXGroup;
			children = (
				4C087744235AB5A0009D3344 /* BMI by ABC.app */,
			);
			name = Products;
			sourceTree = "<group>";
		};
		4C087746235AB5A0009D3344 /* ios 13xxxxxx week10 project2 */ = {
			isa = PBXGroup;
			children = (
				4C087747235AB5A0009D3344 /* AppDelegate.swift */,
				4C087749235AB5A0009D3344 /* SceneDelegate.swift */,
				4C0009C6235AC404004437B1 /* Model */,
				4C08775C235AB5E0009D3344 /* View */,
				4C08775B235AB5BC009D3344 /* Controllers */,
				4C087750235AB5A3009D3344 /* Assets.xcassets */,
				4C087752235AB5A3009D3344 /* LaunchScreen.storyboard */,
				4C087755235AB5A3009D3344 /* Info.plist */,
			);
			path = "ios 13xxxxxx week10 project2";
			sourceTree = "<group>";
		};
		4C08775B235AB5BC009D3344 /* Controllers */ = {
			isa = PBXGroup;
			children = (
				4C08774B235AB5A0009D3344 /* CalculateViewController.swift */,
				4C0009C7235AC4ED004437B1 /* TestUIProgramatically.swift */,
				4C40D1B3235AD81300A0074D /* ResultViewController.swift */,
				4C40D1B5235ADFE300A0074D /* CreditViewController.swift */,
			);
			path = Controllers;
			sourceTree = "<group>";
		};
		4C08775C235AB5E0009D3344 /* View */ = {
			isa = PBXGroup;
			children = (
				4C08774D235AB5A0009D3344 /* Main.storyboard */,
			);
			path = View;
			sourceTree = "<group>";
		};
/* End PBXGroup section */

/* Begin PBXNativeTarget section */
		4C087743235AB5A0009D3344 /* ios 13xxxxxx week11 project1 */ = {
			isa = PBXNativeTarget;
			buildConfigurationList = 4C087758235AB5A3009D3344 /* Build configuration list for PBXNativeTarget "ios 13xxxxxx week11 project1" */;
			buildPhases = (
				4C087740235AB5A0009D3344 /* Sources */,
				4C087741235AB5A0009D3344 /* Frameworks */,
				4C087742235AB5A0009D3344 /* Resources */,
			);
			buildRules = (
			);
			dependencies = (
			);
			name = "ios 13xxxxxx week11 project1";
			productName = "ios 13xxxxxx week10 project2";
			productReference = 4C087744235AB5A0009D3344 /* BMI by ABC.app */;
			productType = "com.apple.product-type.application";
		};
/* End PBXNativeTarget section */

/* Begin PBXProject section */
		4C08773C235AB59F009D3344 /* Project object */ = {
			isa = PBXProject;
			attributes = {
				LastSwiftUpdateCheck = 1110;
				LastUpgradeCheck = 1110;
				ORGANIZATIONNAME = ictsilpakorn;
				TargetAttributes = {
					4C087743235AB5A0009D3344 = {
						CreatedOnToolsVersion = 11.1;
					};
				};
			};
			buildConfigurationList = 4C08773F235AB59F009D3344 /* Build configuration list for PBXProject "ios 13xxxxxx week11 project1" */;
			compatibilityVersion = "Xcode 9.3";
			developmentRegion = en;
			hasScannedForEncodings = 0;
			knownRegions = (
				en,
				Base,
			);
			mainGroup = 4C08773B235AB59F009D3344;
			productRefGroup = 4C087745235AB5A0009D3344 /* Products */;
			projectDirPath = "";
			projectRoot = "";
			targets = (
				4C087743235AB5A0009D3344 /* ios 13xxxxxx week11 project1 */,
			);
		};
/* End PBXProject section */

/* Begin PBXResourcesBuildPhase section */
		4C087742235AB5A0009D3344 /* Resources */ = {
			isa = PBXResourcesBuildPhase;
			buildActionMask = 2147483647;
			files = (
				4C087754235AB5A3009D3344 /* LaunchScreen.storyboard in Resources */,
				4C087751235AB5A3009D3344 /* Assets.xcassets in Resources */,
				4C08774F235AB5A0009D3344 /* Main.storyboard in Resources */,
			);
			runOnlyForDeploymentPostprocessing = 0;
		};
/* End PBXResourcesBuildPhase section */

/* Begin PBXSourcesBuildPhase section */
		4C087740235AB5A0009D3344 /* Sources */ = {
			isa = PBXSourcesBuildPhase;
			buildActionMask = 2147483647;
			files = (
				4C40D1B6235ADFE300A0074D /* CreditViewController.swift in Sources */,
				4C40D1B8235AE48100A0074D /* CalculateBrain.swift in Sources */,
				4C0009C5235AC3FB004437B1 /* BMI.swift in Sources */,
				4C0009C8235AC4ED004437B1 /* TestUIProgramatically.swift in Sources */,
				4C08774C235AB5A0009D3344 /* CalculateViewController.swift in Sources */,
				4C087748235AB5A0009D3344 /* AppDelegate.swift in Sources */,
				4C08774A235AB5A0009D3344 /* SceneDelegate.swift in Sources */,
				4C40D1B4235AD81300A0074D /* ResultViewController.swift in Sources */,
			);
			runOnlyForDeploymentPostprocessing = 0;
		};
/* End PBXSourcesBuildPhase section */

/* Begin PBXVariantGroup section */
		4C08774D235AB5A0009D3344 /* Main.storyboard */ = {
			isa = PBXVariantGroup;
			children = (
				4C08774E235AB5A0009D3344 /* Base */,
			);
			name = Main.storyboard;
			sourceTree = "<group>";
		};
		4C087752235AB5A3009D3344 /* LaunchScreen.storyboard */ = {
			isa = PBXVariantGroup;
			children = (
				4C087753235AB5A3009D3344 /* Base */,
			);
			name = LaunchScreen.storyboard;
			sourceTree = "<group>";
		};
/* End PBXVariantGroup section */

/* Begin XCBuildConfiguration section */
		4C087756235AB5A3009D3344 /* Debug */ = {
			isa = XCBuildConfiguration;
			buildSettings = {
				ALWAYS_SEARCH_USER_PATHS = NO;
				CLANG_ANALYZER_NONNULL = YES;
				CLANG_ANALYZER_NUMBER_OBJECT_CONVERSION = YES_AGGRESSIVE;
				CLANG_CXX_LANGUAGE_STANDARD = "gnu++14";
				CLANG_CXX_LIBRARY = "libc++";
				CLANG_ENABLE_MODULES = YES;
				CLANG_ENABLE_OBJC_ARC = YES;
				CLANG_ENABLE_OBJC_WEAK = YES;
				CLANG_WARN_BLOCK_CAPTURE_AUTORELEASING = YES;
				CLANG_WARN_BOOL_CONVERSION = YES;
				CLANG_WARN_COMMA = YES;
				CLANG_WARN_CONSTANT_CONVERSION = YES;
				CLANG_WARN_DEPRECATED_OBJC_IMPLEMENTATIONS = YES;
				CLANG_WARN_DIRECT_OBJC_ISA_USAGE = YES_ERROR;
				CLANG_WARN_DOCUMENTATION_COMMENTS = YES;
				CLANG_WARN_EMPTY_BODY = YES;
				CLANG_WARN_ENUM_CONVERSION = YES;
				CLANG_WARN_INFINITE_RECURSION = YES;
				CLANG_WARN_INT_CONVERSION = YES;
				CLANG_WARN_NON_LITERAL_NULL_CONVERSION = YES;
				CLANG_WARN_OBJC_IMPLICIT_RETAIN_SELF = YES;
				CLANG_WARN_OBJC_LITERAL_CONVERSION = YES;
				CLANG_WARN_OBJC_ROOT_CLASS = YES_ERROR;
				CLANG_WARN_RANGE_LOOP_ANALYSIS = YES;
				CLANG_WARN_STRICT_PROTOTYPES = YES;
				CLANG_WARN_SUSPICIOUS_MOVE = YES;
				CLANG_WARN_UNGUARDED_AVAILABILITY = YES_AGGRESSIVE;
				CLANG_WARN_UNREACHABLE_CODE = YES;
				CLANG_WARN__DUPLICATE_METHOD_MATCH = YES;
				COPY_PHASE_STRIP = NO;
				DEBUG_INFORMATION_FORMAT = dwarf;
				ENABLE_STRICT_OBJC_MSGSEND = YES;
				ENABLE_TESTABILITY = YES;
				GCC_C_LANGUAGE_STANDARD = gnu11;
				GCC_DYNAMIC_NO_PIC = NO;
				GCC_NO_COMMON_BLOCKS = YES;
				GCC_OPTIMIZATION_LEVEL = 0;
				GCC_PREPROCESSOR_DEFINITIONS = (
					"DEBUG=1",
					"$(inherited)",
				);
				GCC_WARN_64_TO_32_BIT_CONVERSION = YES;
				GCC_WARN_ABOUT_RETURN_TYPE = YES_ERROR;
				GCC_WARN_UNDECLARED_SELECTOR = YES;
				GCC_WARN_UNINITIALIZED_AUTOS = YES_AGGRESSIVE;
				GCC_WARN_UNUSED_FUNCTION = YES;
				GCC_WARN_UNUSED_VARIABLE = YES;
				IPHONEOS_DEPLOYMENT_TARGET = 13.1;
				MTL_ENABLE_DEBUG_INFO = INCLUDE_SOURCE;
				MTL_FAST_MATH = YES;
				ONLY_ACTIVE_ARCH = YES;
				SDKROOT = iphoneos;
				SWIFT_ACTIVE_COMPILATION_CONDITIONS = DEBUG;
				SWIFT_OPTIMIZATION_LEVEL = "-Onone";
			};
			name = Debug;
		};
		4C087757235AB5A3009D3344 /* Release */ = {
			isa = XCBuildConfiguration;
			buildSettings = {
				ALWAYS_SEARCH_USER_PATHS = NO;
				CLANG_ANALYZER_NONNULL = YES;
				CLANG_ANALYZER_NUMBER_OBJECT_CONVERSION = YES_AGGRESSIVE;
				CLANG_CXX_LANGUAGE_STANDARD = "gnu++14";
				CLANG_CXX_LIBRARY = "libc++";
				CLANG_ENABLE_MODULES = YES;
				CLANG_ENABLE_OBJC_ARC = YES;
				CLANG_ENABLE_OBJC_WEAK = YES;
				CLANG_WARN_BLOCK_CAPTURE_AUTORELEASING = YES;
				CLANG_WARN_BOOL_CONVERSION = YES;
				CLANG_WARN_COMMA = YES;
				CLANG_WARN_CONSTANT_CONVERSION = YES;
				CLANG_WARN_DEPRECATED_OBJC_IMPLEMENTATIONS = YES;
				CLANG_WARN_DIRECT_OBJC_ISA_USAGE = YES_ERROR;
				CLANG_WARN_DOCUMENTATION_COMMENTS = YES;
				CLANG_WARN_EMPTY_BODY = YES;
				CLANG_WARN_ENUM_CONVERSION = YES;
				CLANG_WARN_INFINITE_RECURSION = YES;
				CLANG_WARN_INT_CONVERSION = YES;
				CLANG_WARN_NON_LITERAL_NULL_CONVERSION = YES;
				CLANG_WARN_OBJC_IMPLICIT_RETAIN_SELF = YES;
				CLANG_WARN_OBJC_LITERAL_CONVERSION = YES;
				CLANG_WARN_OBJC_ROOT_CLASS = YES_ERROR;
				CLANG_WARN_RANGE_LOOP_ANALYSIS = YES;
				CLANG_WARN_STRICT_PROTOTYPES = YES;
				CLANG_WARN_SUSPICIOUS_MOVE = YES;
				CLANG_WARN_UNGUARDED_AVAILABILITY = YES_AGGRESSIVE;
				CLANG_WARN_UNREACHABLE_CODE = YES;
				CLANG_WARN__DUPLICATE_METHOD_MATCH = YES;
				COPY_PHASE_STRIP = NO;
				DEBUG_INFORMATION_FORMAT = "dwarf-with-dsym";
				ENABLE_NS_ASSERTIONS = NO;
				ENABLE_STRICT_OBJC_MSGSEND = YES;
				GCC_C_LANGUAGE_STANDARD = gnu11;
				GCC_NO_COMMON_BLOCKS = YES;
				GCC_WARN_64_TO_32_BIT_CONVERSION = YES;
				GCC_WARN_ABOUT_RETURN_TYPE = YES_ERROR;
				GCC_WARN_UNDECLARED_SELECTOR = YES;
				GCC_WARN_UNINITIALIZED_AUTOS = YES_AGGRESSIVE;
				GCC_WARN_UNUSED_FUNCTION = YES;
				GCC_WARN_UNUSED_VARIABLE = YES;
				IPHONEOS_DEPLOYMENT_TARGET = 13.1;
				MTL_ENABLE_DEBUG_INFO = NO;
				MTL_FAST_MATH = YES;
				SDKROOT = iphoneos;
				SWIFT_COMPILATION_MODE = wholemodule;
				SWIFT_OPTIMIZATION_LEVEL = "-O";
				VALIDATE_PRODUCT = YES;
			};
			name = Release;
		};
		4C087759235AB5A3009D3344 /* Debug */ = {
			isa = XCBuildConfiguration;
			buildSettings = {
				ASSETCATALOG_COMPILER_APPICON_NAME = AppIcon;
				CODE_SIGN_STYLE = Automatic;
				DEVELOPMENT_TEAM = 5PVTR674WW;
				INFOPLIST_FILE = "ios 13xxxxxx week10 project2/Info.plist";
				LD_RUNPATH_SEARCH_PATHS = (
					"$(inherited)",
					"@executable_path/Frameworks",
				);
				MARKETING_VERSION = 1.5;
				PRODUCT_BUNDLE_IDENTIFIER = "th.ac.su.ict.meboon-k.ios-13xxxxxx-week11-project1-bmi";
				PRODUCT_NAME = "BMI by ABC";
				SWIFT_VERSION = 5.0;
				TARGETED_DEVICE_FAMILY = 1;
			};
			name = Debug;
		};
		4C08775A235AB5A3009D3344 /* Release */ = {
			isa = XCBuildConfiguration;
			buildSettings = {
				ASSETCATALOG_COMPILER_APPICON_NAME = AppIcon;
				CODE_SIGN_STYLE = Automatic;
				DEVELOPMENT_TEAM = 5PVTR674WW;
				INFOPLIST_FILE = "ios 13xxxxxx week10 project2/Info.plist";
				LD_RUNPATH_SEARCH_PATHS = (
					"$(inherited)",
					"@executable_path/Frameworks",
				);
				MARKETING_VERSION = 1.5;
				PRODUCT_BUNDLE_IDENTIFIER = "th.ac.su.ict.meboon-k.ios-13xxxxxx-week11-project1-bmi";
				PRODUCT_NAME = "BMI by ABC";
				SWIFT_VERSION = 5.0;
				TARGETED_DEVICE_FAMILY = 1;
			};
			name = Release;
		};
/* End XCBuildConfiguration section */

/* Begin XCConfigurationList section */
		4C08773F235AB59F009D3344 /* Build configuration list for PBXProject "ios 13xxxxxx week11 project1" */ = {
			isa = XCConfigurationList;
			buildConfigurations = (
				4C087756235AB5A3009D3344 /* Debug */,
				4C087757235AB5A3009D3344 /* Release */,
			);
			defaultConfigurationIsVisible = 0;
			defaultConfigurationName = Release;
		};
		4C087758235AB5A3009D3344 /* Build configuration list for PBXNativeTarget "ios 13xxxxxx week11 project1" */ = {
			isa = XCConfigurationList;
			buildConfigurations = (
				4C087759235AB5A3009D3344 /* Debug */,
				4C08775A235AB5A3009D3344 /* Release */,
			);
			defaultConfigurationIsVisible = 0;
			defaultConfigurationName = Release;
		};
/* End XCConfigurationList section */
	};
	rootObject = 4C08773C235AB59F009D3344 /* Project object */;
}
